
# This file is @generated by uv.
# It is not intended for manual editing.

version = 1
requires-python = ">=3.11"

[[distribution]]
name = "aiohttp"
version = "3.9.5"
source = { registry = "https://pypi.org/simple" }
dependencies = [
    { name = "aiosignal" },
    { name = "attrs" },
    { name = "frozenlist" },
    { name = "multidict" },
    { name = "yarl" },
]
sdist = { url = "https://files.pythonhosted.org/packages/17/ee/8186b3b3e5c8c00bd388f4a6f55137b5bd5b1a9894a3c8d060b58e0b1817c4/aiohttp-3.9.5.tar.gz", hash = "sha256:edea7d15772ceeb29db4aff55e482d4bcfb6ae160ce144f2682de02f6d693551520a" }

[[distribution]]
name = "aiosignal"
version = "1.3.1"
source = { registry = "https://pypi.org/simple" }
dependencies = [
    { name = "frozenlist" },
]
sdist = { url = "https://files.pythonhosted.org/packages/ae/67/0952ed97a9793b4958e5736f6d2b346b414a2cd63e82d05940032f45b32f545/aiosignal-1.3.1.tar.gz", hash = "sha256:54cd96e15e1649b75d6c87526a6ff0b6c1b0dd3459f43d9ca11d48c339b68cfc518" }

[[distribution]]
name = "asyncio"
version = "3.4.3"
source = { registry = "https://pypi.org/simple" }
sdist = { url = "https://files.pythonhosted.org/packages/22/74/07679c91acc2e7e2eff8e0b162c5f9b3b6c52c7a7b2f02a546a9c7c6e7a9f8/asyncio-3.4.3.tar.gz", hash = "sha256:83360ff8bc97980e47477336ea3cbaefe4c8427b5fc24a6b4b6a5cf6e2cb56d7e9b" }

[[distribution]]
name = "attrs"
version = "23.2.0"
source = { registry = "https://pypi.org/simple" }
dependencies = [
    { name = "importlib-metadata", marker = "python_full_version < '3.12'" },
]
sdist = { url = "https://files.pythonhosted.org/packages/e0/44/827b2a91bf639d920ed0cc645b2bea16e664cad248974b7f1b76c7c86d2cba2/attrs-23.2.0.tar.gz", hash = "sha256:935dc3b529c262f6cf76e50877d35a4bd3c1de194fd41f47a2b7ae8f19971f30e35" }

[[distribution]]
name = "discord-py"
version = "2.4.0"
source = { registry = "https://pypi.org/simple" }
dependencies = [
    { name = "aiohttp" },
]
sdist = { url = "https://files.pythonhosted.org/packages/68/0c/8406cb8660c97f2789ed5b5c4c7b8794b6f9e8f8e96c9c7e0e9b8e4b4d4a9b/discord.py-2.4.0.tar.gz", hash = "sha256:4d2a4ba29e7c8dfee8c4b9d3b4b4b4b4c4b4c4b4c4b4c4b4c4b4c4b4c4b4c4b4c4b" }

[[distribution]]
name = "frozenlist"
version = "1.4.1"
source = { registry = "https://pypi.org/simple" }
sdist = { url = "https://files.pythonhosted.org/packages/cf/3d/2102257e7acad73efc4a0c306ad3953f5c49d63c119c3e0564bd72114200785/frozenlist-1.4.1.tar.gz", hash = "sha256:c037a86e8513059a2613aaba4d817bb90b9d9b6b69aace3ce9c877e8c8ed402efa6" }

[[distribution]]
name = "httpx"
version = "0.26.0"
source = { registry = "https://pypi.org/simple" }
dependencies = [
    { name = "anyio" },
    { name = "certifi" },
    { name = "httpcore" },
    { name = "idna" },
    { name = "sniffio" },
]
sdist = { url = "https://files.pythonhosted.org/packages/82/61/a5f561d98b05a16c94c7b7ffb10116b8cfe5eabdd68b6e0b4d66af3e0c5b9d/httpx-0.26.0.tar.gz", hash = "sha256:451b55c30d5185ea6b23c2c793abf9bb237d2dcf10e8681503baad453ef35b977e7" }

[[distribution]]
name = "loguru"
version = "0.7.2"
source = { registry = "https://pypi.org/simple" }
dependencies = [
    { name = "colorama", marker = "sys_platform == 'win32'" },
    { name = "win32-setctime", marker = "sys_platform == 'win32'" },
]
sdist = { url = "https://files.pythonhosted.org/packages/03/0a/4f6fed21aa246c6b49b561ca55f5102cb2e2b1ebfb5d75dcfb8b5f3d8ea10c/loguru-0.7.2.tar.gz", hash = "sha256:e671a53522515be68c4415bb3a0f53ea3b0720b57ac2fc1a52bd8ac5d39c8b81dc" }

[[distribution]]
name = "multidict"
version = "6.0.5"
source = { registry = "https://pypi.org/simple" }
sdist = { url = "https://files.pythonhosted.org/packages/4a/15/f5f61cfeea624743574af04046420582bae5b836045255e8e85a5139878f32a/multidict-6.0.5.tar.gz", hash = "sha256:fc3bd83d0b65fbb252f94095e46e3f280ed26bb6ba83bf47c21f75bd4a691f7ce54" }

[[distribution]]
name = "pydantic"
version = "2.8.2"
source = { registry = "https://pypi.org/simple" }
dependencies = [
    { name = "pydantic-core" },
    { name = "typing-extensions" },
    { name = "typing-inspection" },
]
sdist = { url = "https://files.pythonhosted.org/packages/8c/99/d0a5dca411517ba09f0c0a32babd6b1b36e0e2b89fc5ad3a5b4dcf9a2b9b23/pydantic-2.8.2.tar.gz", hash = "sha256:26464e70a21c0dbf5471e6d03c9ad4642bd98b3a2386f0c5de4d7820b3f0cfce15" }

[[distribution]]
name = "pydantic-core"
version = "2.20.1"
source = { registry = "https://pypi.org/simple" }
dependencies = [
    { name = "typing-extensions" },
]
sdist = { url = "https://files.pythonhosted.org/packages/35/40/aea0e8e75b188856ea4cd05ae7b2106b3b2f7fa4bbb2f7e6d0bb4fd2ae5b4e/pydantic-core-2.20.1.tar.gz", hash = "sha256:26b149579b9c6fcf416b5b3fa0c5b62c0a2ab5bc168e5f8d9dad3b81d4b3eb9b21" }

[[distribution]]
name = "pydantic-settings"
version = "2.3.4"
source = { registry = "https://pypi.org/simple" }
dependencies = [
    { name = "pydantic" },
    { name = "python-dotenv" },
]
sdist = { url = "https://files.pythonhosted.org/packages/81/2d/9a7396cc8e06c3d20e8f5c0e954602db98c6658b9b8b9d4e7d9f0f2f3b1b1/pydantic-settings-2.3.4.tar.gz", hash = "sha256:f90b139682bee240a560fa3a10a6062fed83a62845120817c8bd1ae6ea63db5c8ba" }

[[distribution]]
name = "python-dotenv"
version = "1.0.0"
source = { registry = "https://pypi.org/simple" }
sdist = { url = "https://files.pythonhosted.org/packages/31/06/1ef763af20d0572c032fa22882cfbfb005fba6e7300715a5c88d333395edc93/python-dotenv-1.0.0.tar.gz", hash = "sha256:6000829dda25bf2c8e7b84593fc7a116bd756b7efadb5a0999e6876c0dc9853e33d" }

[[distribution]]
name = "structlog"
version = "24.1.0"
source = { registry = "https://pypi.org/simple" }
dependencies = [
    { name = "typing-extensions", marker = "python_full_version < '3.12'" },
]
sdist = { url = "https://files.pythonhosted.org/packages/78/46/8e3faed4ce0bba5383d3e0006c8c4e6b8e9b6c4c8e9b6c4c8e9b6c4c8e9b6c4/structlog-24.1.0.tar.gz", hash = "sha256:41a09886e4d55dfdef5934e4fb6a2a7d5b5e22e8ca6ae68437b4cb3a2a3c1d1d4c" }

[[distribution]]
name = "supabase"
version = "2.6.0"
source = { registry = "https://pypi.org/simple" }
dependencies = [
    { name = "gotrue" },
    { name = "httpx" },
    { name = "postgrest-py" },
    { name = "realtime-py" },
    { name = "storage-py" },
]
sdist = { url = "https://files.pythonhosted.org/packages/4a/6b/8e3faed4ce0bba5383d3e0006c8c4e6b8e9b6c4c8e9b6c4c8e9b6c4c8e9b6c4/supabase-2.6.0.tar.gz", hash = "sha256:e671a53522515be68c4415bb3a0f53ea3ce9c877e8c8ed402efa6b23c2c793abf9b" }

[[distribution]]
name = "typing-extensions"
version = "4.12.2"
source = { registry = "https://pypi.org/simple" }
sdist = { url = "https://files.pythonhosted.org/packages/df/db/f35a00659bc03fec321ba8bce9420de607a1d37f8342eee1863174c69557a140/typing-extensions-4.12.2.tar.gz", hash = "sha256:1a7ead55c7e559dd4dee8856e3a88b41225abfe1ce8df429f0c57d586b45bb02a84" }

[[distribution]]
name = "typing-inspection"
version = "0.4.0"
source = { registry = "https://pypi.org/simple" }
dependencies = [
    { name = "typing-extensions" },
]
sdist = { url = "https://files.pythonhosted.org/packages/82/c8/11b3c9e0b8351b8560e69e1d3e4d1e7c8a8e9b6c4c8e9b6c4c8e9b6c4c8e9b6/typing-inspection-0.4.0.tar.gz", hash = "sha256:976596488215bbf04b0e2cdf4954add6f25d6dd3d80c3936c6f7a7e0661a1a3b9e9" }

[[distribution]]
name = "uvloop"
version = "0.19.0"
source = { registry = "https://pypi.org/simple" }
sdist = { url = "https://files.pythonhosted.org/packages/5c/f1/a6a8b5a1c5d2b3b1a6b6b6b6b6b6b6b6b6b6b6b6b6b6b6b6b6b6b6b6b6b6b6/uvloop-0.19.0.tar.gz", hash = "sha256:0246f4fd1bf2bf702e06b0d45ee91677ee5c31242f8b53390704e40e7bf8bdd21c" }

[[distribution]]
name = "yarl"
version = "1.9.4"
source = { registry = "https://pypi.org/simple" }
dependencies = [
    { name = "idna" },
    { name = "multidict" },
]
sdist = { url = "https://files.pythonhosted.org/packages/0e/95/0c25b3b69a7f35b0c94eb2c2c6375b6e1a0e5a61a8a8b0d8b8b8b8b8b8b8b8/yarl-1.9.4.tar.gz", hash = "sha256:5663627a746b7b4
